{
  "name": "upload-ipfs",
  "version": "1.0.0",
  "lockfileVersion": 1,
  "requires": true,
  "dependencies": {
    "@multiformats/base-x": {
      "version": "4.0.1",
      "resolved": "https://registry.npmjs.org/@multiformats/base-x/-/base-x-4.0.1.tgz",
      "integrity": "sha512-eMk0b9ReBbV23xXU693TAIrLyeO5iTgBZGSJfpqriG8UkYvr/hC9u9pyMlAakDNHWmbhMZCDs6KQO0jzKD8OTw=="
    },
    "abort-controller": {
      "version": "3.0.0",
      "resolved": "https://registry.npmjs.org/abort-controller/-/abort-controller-3.0.0.tgz",
      "integrity": "sha512-h8lQ8tacZYnR3vNQTgibj+tODHI5/+l06Au2Pcriv/Gmet0eaj4TwWH41sO9wnHDiQsEj19q0drzdWdeAHtweg==",
      "requires": {
        "event-target-shim": "^5.0.0"
      }
    },
    "any-signal": {
      "version": "2.1.1",
      "resolved": "https://registry.npmjs.org/any-signal/-/any-signal-2.1.1.tgz",
      "integrity": "sha512-kjyMTtHQsB3yZAVDZlLVucPJnmnrXhamB/rm3Td3jse5Q+16FXXolP4elWU0yLFDyrxTkjjDXtIdjSPiEznf3w==",
      "requires": {
        "abort-controller": "^3.0.0",
        "native-abort-controller": "0.0.3"
      }
    },
    "asynckit": {
      "version": "0.4.0",
      "resolved": "https://registry.npmjs.org/asynckit/-/asynckit-0.4.0.tgz",
      "integrity": "sha1-x57Zf380y48robyXkLzDZkdLS3k="
    },
    "at-least-node": {
      "version": "1.0.0",
      "resolved": "https://registry.npmjs.org/at-least-node/-/at-least-node-1.0.0.tgz",
      "integrity": "sha512-+q/t7Ekv1EDY2l6Gda6LLiX14rU9TV20Wa3ofeQmwPFZbOMo9DXrLbOjFaaclkXKWidIaopwAObQDqwWtGUjqg=="
    },
    "balanced-match": {
      "version": "1.0.0",
      "resolved": "https://registry.npmjs.org/balanced-match/-/balanced-match-1.0.0.tgz",
      "integrity": "sha1-ibTRmasr7kneFk6gK4nORi1xt2c="
    },
    "base64-js": {
      "version": "1.5.1",
      "resolved": "https://registry.npmjs.org/base64-js/-/base64-js-1.5.1.tgz",
      "integrity": "sha512-AKpaYlHn8t4SVbOHCy+b5+KKgvR4vrsD8vbvrbiQJps7fKDTkjkDry6ji0rUJjC0kzbNePLwzxq8iypo41qeWA=="
    },
    "bignumber.js": {
      "version": "9.0.1",
      "resolved": "https://registry.npmjs.org/bignumber.js/-/bignumber.js-9.0.1.tgz",
      "integrity": "sha512-IdZR9mh6ahOBv/hYGiXyVuyCetmGJhtYkqLBpTStdhEGjegpPlUawydyaF3pbIOFynJTpllEs+NP+CS9jKFLjA=="
    },
    "bl": {
      "version": "4.0.3",
      "resolved": "https://registry.npmjs.org/bl/-/bl-4.0.3.tgz",
      "integrity": "sha512-fs4G6/Hu4/EE+F75J8DuN/0IpQqNjAdC7aEQv7Qt8MHGUH7Ckv2MwTEEeN9QehD0pfIDkMI1bkHYkKy7xHyKIg==",
      "requires": {
        "buffer": "^5.5.0",
        "inherits": "^2.0.4",
        "readable-stream": "^3.4.0"
      },
      "dependencies": {
        "buffer": {
          "version": "5.7.1",
          "resolved": "https://registry.npmjs.org/buffer/-/buffer-5.7.1.tgz",
          "integrity": "sha512-EHcyIPBQ4BSGlvjB16k5KgAJ27CIsHY/2JBmCRReo48y9rQ3MaUzWX3KVlBa4U7MyX02HdVj0K7C3WaB3ju7FQ==",
          "requires": {
            "base64-js": "^1.3.1",
            "ieee754": "^1.1.13"
          }
        }
      }
    },
    "blakejs": {
      "version": "1.1.0",
      "resolved": "https://registry.npmjs.org/blakejs/-/blakejs-1.1.0.tgz",
      "integrity": "sha1-ad+S75U6qIylGjLfarHFShVfx6U="
    },
    "blob-to-it": {
      "version": "1.0.1",
      "resolved": "https://registry.npmjs.org/blob-to-it/-/blob-to-it-1.0.1.tgz",
      "integrity": "sha512-papO4swPtR4MtNQ2foUkaS9e7HlD8XFQEBL3HZNhT4Qp6RQ/7t4C6bo4kRKtJV6A3AIgKR05Z9sbB+na6u+QYA==",
      "requires": {
        "browser-readablestream-to-it": "^1.0.1"
      }
    },
    "borc": {
      "version": "2.1.2",
      "resolved": "https://registry.npmjs.org/borc/-/borc-2.1.2.tgz",
      "integrity": "sha512-Sy9eoUi4OiKzq7VovMn246iTo17kzuyHJKomCfpWMlI6RpfN1gk95w7d7gH264nApVLg0HZfcpz62/g4VH1Y4w==",
      "requires": {
        "bignumber.js": "^9.0.0",
        "buffer": "^5.5.0",
        "commander": "^2.15.0",
        "ieee754": "^1.1.13",
        "iso-url": "~0.4.7",
        "json-text-sequence": "~0.1.0",
        "readable-stream": "^3.6.0"
      },
      "dependencies": {
        "buffer": {
          "version": "5.7.1",
          "resolved": "https://registry.npmjs.org/buffer/-/buffer-5.7.1.tgz",
          "integrity": "sha512-EHcyIPBQ4BSGlvjB16k5KgAJ27CIsHY/2JBmCRReo48y9rQ3MaUzWX3KVlBa4U7MyX02HdVj0K7C3WaB3ju7FQ==",
          "requires": {
            "base64-js": "^1.3.1",
            "ieee754": "^1.1.13"
          }
        },
        "iso-url": {
          "version": "0.4.7",
          "resolved": "https://registry.npmjs.org/iso-url/-/iso-url-0.4.7.tgz",
          "integrity": "sha512-27fFRDnPAMnHGLq36bWTpKET+eiXct3ENlCcdcMdk+mjXrb2kw3mhBUg1B7ewAC0kVzlOPhADzQgz1SE6Tglog=="
        }
      }
    },
    "brace-expansion": {
      "version": "1.1.11",
      "resolved": "https://registry.npmjs.org/brace-expansion/-/brace-expansion-1.1.11.tgz",
      "integrity": "sha512-iCuPHDFgrHX7H2vEI/5xpz07zSHB00TpugqhmYtVmMO6518mCuRMoOYFldEBl0g187ufozdaHgWKcYFb61qGiA==",
      "requires": {
        "balanced-match": "^1.0.0",
        "concat-map": "0.0.1"
      }
    },
    "browser-readablestream-to-it": {
      "version": "1.0.1",
      "resolved": "https://registry.npmjs.org/browser-readablestream-to-it/-/browser-readablestream-to-it-1.0.1.tgz",
      "integrity": "sha512-vLeoyPpVY8IL5R4AEMI5nICVpuK1VBwBi6OUyuD1U9NUOL7UmAgP4agfbkkkZf+cBZaYtCYrgASd6YyVbIbsjA=="
    },
    "buffer": {
      "version": "6.0.3",
      "resolved": "https://registry.npmjs.org/buffer/-/buffer-6.0.3.tgz",
      "integrity": "sha512-FTiCpNxtwiZZHEZbcbTIcZjERVICn9yq/pDFkTl95/AxzD1naBctN7YO68riM/gLSDY7sdrMby8hofADYuuqOA==",
      "requires": {
        "base64-js": "^1.3.1",
        "ieee754": "^1.2.1"
      }
    },
    "cids": {
      "version": "1.0.2",
      "resolved": "https://registry.npmjs.org/cids/-/cids-1.0.2.tgz",
      "integrity": "sha512-ohCcYyEHh0Z5Hl+O1IML4kt6Kx5GPho1ybxtqK4zyk6DeV5CvOLoT/mqDh0cgKcAvsls3vcVa9HjZc7RQr3geA==",
      "requires": {
        "class-is": "^1.1.0",
        "multibase": "^3.0.1",
        "multicodec": "^2.0.1",
        "multihashes": "^3.0.1",
        "uint8arrays": "^1.1.0"
      }
    },
    "class-is": {
      "version": "1.1.0",
      "resolved": "https://registry.npmjs.org/class-is/-/class-is-1.1.0.tgz",
      "integrity": "sha512-rhjH9AG1fvabIDoGRVH587413LPjTZgmDF9fOFCbFJQV4yuocX1mHxxvXI4g3cGwbVY9wAYIoKlg1N79frJKQw=="
    },
    "combined-stream": {
      "version": "1.0.8",
      "resolved": "https://registry.npmjs.org/combined-stream/-/combined-stream-1.0.8.tgz",
      "integrity": "sha512-FQN4MRfuJeHf7cBbBMJFXhKSDq+2kAArBlmRBvcvFE5BB1HZKXtSFASDhdlz9zOYwxh8lDdnvmMOe/+5cdoEdg==",
      "requires": {
        "delayed-stream": "~1.0.0"
      }
    },
    "commander": {
      "version": "2.20.3",
      "resolved": "https://registry.npmjs.org/commander/-/commander-2.20.3.tgz",
      "integrity": "sha512-GpVkmM8vF2vQUkj2LvZmD35JxeJOLCwJ9cUkugyk2nuhbv3+mJvpLYYt+0+USMxE+oj+ey/lJEnhZw75x/OMcQ=="
    },
    "concat-map": {
      "version": "0.0.1",
      "resolved": "https://registry.npmjs.org/concat-map/-/concat-map-0.0.1.tgz",
      "integrity": "sha1-2Klr13/Wjfd5OnMDajug1UBdR3s="
    },
    "debug": {
      "version": "4.3.1",
      "resolved": "https://registry.npmjs.org/debug/-/debug-4.3.1.tgz",
      "integrity": "sha512-doEwdvm4PCeK4K3RQN2ZC2BYUBaxwLARCqZmMjtF8a51J2Rb0xpVloFRnCODwqjpwnAoao4pelN8l3RJdv3gRQ==",
      "requires": {
        "ms": "2.1.2"
      }
    },
    "define-properties": {
      "version": "1.1.3",
      "resolved": "https://registry.npmjs.org/define-properties/-/define-properties-1.1.3.tgz",
      "integrity": "sha512-3MqfYKj2lLzdMSf8ZIZE/V+Zuy+BgD6f164e8K2w7dgnpKArBDerGYpM46IYYcjnkdPNMjPk9A6VFB8+3SKlXQ==",
      "requires": {
        "object-keys": "^1.0.12"
      }
    },
    "delayed-stream": {
      "version": "1.0.0",
      "resolved": "https://registry.npmjs.org/delayed-stream/-/delayed-stream-1.0.0.tgz",
      "integrity": "sha1-3zrhmayt+31ECqrgsp4icrJOxhk="
    },
    "delimit-stream": {
      "version": "0.1.0",
      "resolved": "https://registry.npmjs.org/delimit-stream/-/delimit-stream-0.1.0.tgz",
      "integrity": "sha1-m4MZR3wOX4rrPONXrjBfwl6hzSs="
    },
    "dns-over-http-resolver": {
      "version": "1.2.0",
      "resolved": "https://registry.npmjs.org/dns-over-http-resolver/-/dns-over-http-resolver-1.2.0.tgz",
      "integrity": "sha512-LJ1sEbQgwY+qmL6z3kNIKi0vHA9nSUdZb8vf3G6z43ZVIF6WhhNHXztLMOOvaMIvtCsCZBjAie11MtUD3+H0YA==",
      "requires": {
        "debug": "^4.2.0",
        "native-fetch": "^2.0.1",
        "receptacle": "^1.3.2"
      }
    },
    "electron-fetch": {
      "version": "1.7.2",
      "resolved": "https://registry.npmjs.org/electron-fetch/-/electron-fetch-1.7.2.tgz",
      "integrity": "sha512-J7D136rhxIhPwYJsnHPpKgbyd4NUCGnKM1CuXLhmVWZdc8f6+LBiJqUOTngtSacj+xvGWgaDWOAuCXnhqiMTCw==",
      "requires": {
        "encoding": "^0.1.13"
      }
    },
    "encoding": {
      "version": "0.1.13",
      "resolved": "https://registry.npmjs.org/encoding/-/encoding-0.1.13.tgz",
      "integrity": "sha512-ETBauow1T35Y/WZMkio9jiM0Z5xjHHmJ4XmjZOq1l/dXz3lr2sRn87nJy20RupqSh1F2m3HHPSp8ShIPQJrJ3A==",
      "requires": {
        "iconv-lite": "^0.6.2"
      }
    },
    "err-code": {
      "version": "2.0.3",
      "resolved": "https://registry.npmjs.org/err-code/-/err-code-2.0.3.tgz",
      "integrity": "sha512-2bmlRpNKBxT/CRmPOlyISQpNj+qSeYvcym/uT0Jx2bMOlKLtSy1ZmLuVxSEKKyor/N5yhvp/ZiG1oE3DEYMSFA=="
    },
    "event-target-shim": {
      "version": "5.0.1",
      "resolved": "https://registry.npmjs.org/event-target-shim/-/event-target-shim-5.0.1.tgz",
      "integrity": "sha512-i/2XbnSz/uxRCU6+NdVJgKWDTM427+MqYbkQzD321DuCQJUqOuJKIA0IM2+W2xtYHdKOmZ4dR6fExsd4SXL+WQ=="
    },
    "fast-fifo": {
      "version": "1.0.0",
      "resolved": "https://registry.npmjs.org/fast-fifo/-/fast-fifo-1.0.0.tgz",
      "integrity": "sha512-4VEXmjxLj7sbs8J//cn2qhRap50dGzF5n8fjay8mau+Jn4hxSeR3xPFwxMaQq/pDaq7+KQk0PAbC2+nWDkJrmQ=="
    },
    "form-data": {
      "version": "3.0.0",
      "resolved": "https://registry.npmjs.org/form-data/-/form-data-3.0.0.tgz",
      "integrity": "sha512-CKMFDglpbMi6PyN+brwB9Q/GOw0eAnsrEZDgcsH5Krhz5Od/haKHAX0NmQfha2zPPz0JpWzA7GJHGSnvCRLWsg==",
      "requires": {
        "asynckit": "^0.4.0",
        "combined-stream": "^1.0.8",
        "mime-types": "^2.1.12"
      }
    },
    "fs-extra": {
      "version": "9.0.1",
      "resolved": "https://registry.npmjs.org/fs-extra/-/fs-extra-9.0.1.tgz",
      "integrity": "sha512-h2iAoN838FqAFJY2/qVpzFXy+EBxfVE220PalAqQLDVsFOHLJrZvut5puAbCdNv6WJk+B8ihI+k0c7JK5erwqQ==",
      "requires": {
        "at-least-node": "^1.0.0",
        "graceful-fs": "^4.2.0",
        "jsonfile": "^6.0.1",
        "universalify": "^1.0.0"
      }
    },
    "get-iterator": {
      "version": "1.0.2",
      "resolved": "https://registry.npmjs.org/get-iterator/-/get-iterator-1.0.2.tgz",
      "integrity": "sha512-v+dm9bNVfOYsY1OrhaCrmyOcYoSeVvbt+hHZ0Au+T+p1y+0Uyj9aMaGIeUTT6xdpRbWzDeYKvfOslPhggQMcsg=="
    },
    "globalthis": {
      "version": "1.0.1",
      "resolved": "https://registry.npmjs.org/globalthis/-/globalthis-1.0.1.tgz",
      "integrity": "sha512-mJPRTc/P39NH/iNG4mXa9aIhNymaQikTrnspeCa2ZuJ+mH2QN/rXwtX3XwKrHqWgUQFbNZKtHM105aHzJalElw==",
      "requires": {
        "define-properties": "^1.1.3"
      }
    },
    "graceful-fs": {
      "version": "4.2.4",
      "resolved": "https://registry.npmjs.org/graceful-fs/-/graceful-fs-4.2.4.tgz",
      "integrity": "sha512-WjKPNJF79dtJAVniUlGGWHYGz2jWxT6VhN/4m1NdkbZ2nOsEF+cI1Edgql5zCRhs/VsQYRvrXctxktVXZUkixw=="
    },
    "iconv-lite": {
      "version": "0.6.2",
      "resolved": "https://registry.npmjs.org/iconv-lite/-/iconv-lite-0.6.2.tgz",
      "integrity": "sha512-2y91h5OpQlolefMPmUlivelittSWy0rP+oYVpn6A7GwVHNE8AWzoYOBNmlwks3LobaJxgHCYZAnyNo2GgpNRNQ==",
      "requires": {
        "safer-buffer": ">= 2.1.2 < 3.0.0"
      }
    },
    "ieee754": {
      "version": "1.2.1",
      "resolved": "https://registry.npmjs.org/ieee754/-/ieee754-1.2.1.tgz",
      "integrity": "sha512-dcyqhDvX1C46lXZcVqCpK+FtMRQVdIMN6/Df5js2zouUsqG7I6sFxitIC+7KYK29KdXOLHdu9zL4sFnoVQnqaA=="
    },
    "inherits": {
      "version": "2.0.4",
      "resolved": "https://registry.npmjs.org/inherits/-/inherits-2.0.4.tgz",
      "integrity": "sha512-k/vGaX4/Yla3WzyMCvTQOXYeIHvqOKtnqBduzTHpzpQZzAskKMhZ2K+EnBiSM9zGSoIFeMpXKxa4dYeZIQqewQ=="
    },
    "ip-regex": {
      "version": "4.2.0",
      "resolved": "https://registry.npmjs.org/ip-regex/-/ip-regex-4.2.0.tgz",
      "integrity": "sha512-n5cDDeTWWRwK1EBoWwRti+8nP4NbytBBY0pldmnIkq6Z55KNFmWofh4rl9dPZpj+U/nVq7gweR3ylrvMt4YZ5A=="
    },
    "ipfs-core-utils": {
      "version": "0.5.3",
      "resolved": "https://registry.npmjs.org/ipfs-core-utils/-/ipfs-core-utils-0.5.3.tgz",
      "integrity": "sha512-JuJz+sp+9+g7U5j0+M6+biBnVtbJnlRNuBrqku/RcwoH4IIMTX99PctGGyo8AjCo5ZK+j0om1Pp2cWTZrlSdAQ==",
      "requires": {
        "any-signal": "^2.0.0",
        "blob-to-it": "^1.0.1",
        "browser-readablestream-to-it": "^1.0.1",
        "cids": "^1.0.0",
        "err-code": "^2.0.3",
        "ipfs-utils": "^5.0.0",
        "it-all": "^1.0.4",
        "it-map": "^1.0.4",
        "it-peekable": "^1.0.1",
        "multiaddr": "^8.0.0",
        "multiaddr-to-uri": "^6.0.0",
        "parse-duration": "^0.4.4",
        "timeout-abort-controller": "^1.1.1",
        "uint8arrays": "^1.1.0"
      }
    },
    "ipfs-http-client": {
      "version": "48.1.2",
      "resolved": "https://registry.npmjs.org/ipfs-http-client/-/ipfs-http-client-48.1.2.tgz",
      "integrity": "sha512-eeqHhjYUgPNBKxkS29xYS7Mtc9JxzLKI9Bua2nphB5vG1l6W2hjDTntfVl4ddY07XqZogDu6yTL3UsFj0WJFeg==",
      "requires": {
        "any-signal": "^2.0.0",
        "bignumber.js": "^9.0.0",
        "cids": "^1.0.0",
        "debug": "^4.1.1",
        "form-data": "^3.0.0",
        "ipfs-core-utils": "^0.5.3",
        "ipfs-utils": "^5.0.0",
        "ipld-block": "^0.11.0",
        "ipld-dag-cbor": "^0.17.0",
        "ipld-dag-pb": "^0.20.0",
        "ipld-raw": "^6.0.0",
        "it-last": "^1.0.4",
        "it-map": "^1.0.4",
        "it-tar": "^1.2.2",
        "it-to-stream": "^0.1.2",
        "merge-options": "^2.0.0",
        "multiaddr": "^8.0.0",
        "multibase": "^3.0.0",
        "multicodec": "^2.0.1",
        "multihashes": "^3.0.1",
        "nanoid": "^3.1.12",
        "native-abort-controller": "~0.0.3",
        "parse-duration": "^0.4.4",
        "stream-to-it": "^0.2.2",
        "uint8arrays": "^1.1.0"
      }
    },
    "ipfs-utils": {
      "version": "5.0.1",
      "resolved": "https://registry.npmjs.org/ipfs-utils/-/ipfs-utils-5.0.1.tgz",
      "integrity": "sha512-28KZPgO4Uf5duT2ORLAYfboUp98iUshDD7yRAfbNxNAR8Dtidfn6o20rZfoXnkri2zKBVIPlJkuCPmPJB+6erg==",
      "requires": {
        "abort-controller": "^3.0.0",
        "any-signal": "^2.1.0",
        "buffer": "^6.0.1",
        "electron-fetch": "^1.7.2",
        "err-code": "^2.0.0",
        "fs-extra": "^9.0.1",
        "is-electron": "^2.2.0",
        "iso-url": "^1.0.0",
        "it-glob": "0.0.10",
        "it-to-stream": "^0.1.2",
        "merge-options": "^2.0.0",
        "nanoid": "^3.1.3",
        "native-abort-controller": "0.0.3",
        "native-fetch": "^2.0.0",
        "node-fetch": "^2.6.0",
        "stream-to-it": "^0.2.0"
      }
    },
    "ipld-block": {
      "version": "0.11.0",
      "resolved": "https://registry.npmjs.org/ipld-block/-/ipld-block-0.11.0.tgz",
      "integrity": "sha512-Kk56OOPmlWAjXfBJXvx2jX5RA6R9qUrcc2JXwF7Y4IL9mlmxcxTNkgcsJYR78DbyMllQbi7yreghjGjtCTYKaw==",
      "requires": {
        "cids": "^1.0.0"
      }
    },
    "ipld-dag-cbor": {
      "version": "0.17.0",
      "resolved": "https://registry.npmjs.org/ipld-dag-cbor/-/ipld-dag-cbor-0.17.0.tgz",
      "integrity": "sha512-YprSTQClJQUyC+RhbWrVXhg7ysII5R/jrmZZ4en4n9Mav+MRbntAW699zd1PHRLB71lNCJbxABE2Uc9QU2Ka7g==",
      "requires": {
        "borc": "^2.1.2",
        "cids": "^1.0.0",
        "is-circular": "^1.0.2",
        "multicodec": "^2.0.0",
        "multihashing-async": "^2.0.0",
        "uint8arrays": "^1.0.0"
      }
    },
    "ipld-dag-pb": {
      "version": "0.20.0",
      "resolved": "https://registry.npmjs.org/ipld-dag-pb/-/ipld-dag-pb-0.20.0.tgz",
      "integrity": "sha512-zfM0EdaolqNjAxIrtpuGKvXxWk5YtH9jKinBuQGTcngOsWFQhyybGCTJHGNGGtRjHNJi2hz5Udy/8pzv4kcKyg==",
      "requires": {
        "cids": "^1.0.0",
        "class-is": "^1.1.0",
        "multicodec": "^2.0.0",
        "multihashing-async": "^2.0.0",
        "protons": "^2.0.0",
        "reset": "^0.1.0",
        "run": "^1.4.0",
        "stable": "^0.1.8",
        "uint8arrays": "^1.0.0"
      }
    },
    "ipld-raw": {
      "version": "6.0.0",
      "resolved": "https://registry.npmjs.org/ipld-raw/-/ipld-raw-6.0.0.tgz",
      "integrity": "sha512-UK7fjncAzs59iu/o2kwYtb8jgTtW6B+cNWIiNpAJkfRwqoMk1xD/6i25ktzwe4qO8gQgoR9RxA5ibC23nq8BLg==",
      "requires": {
        "cids": "^1.0.0",
        "multicodec": "^2.0.0",
        "multihashing-async": "^2.0.0"
      }
    },
    "is-circular": {
      "version": "1.0.2",
      "resolved": "https://registry.npmjs.org/is-circular/-/is-circular-1.0.2.tgz",
      "integrity": "sha512-YttjnrswnUYRVJvxCvu8z+PGMUSzC2JttP0OEXezlAEdp3EXzhf7IZ3j0gRAybJBQupedIZFhY61Tga6E0qASA=="
    },
    "is-electron": {
      "version": "2.2.0",
      "resolved": "https://registry.npmjs.org/is-electron/-/is-electron-2.2.0.tgz",
      "integrity": "sha512-SpMppC2XR3YdxSzczXReBjqs2zGscWQpBIKqwXYBFic0ERaxNVgwLCHwOLZeESfdJQjX0RDvrJ1lBXX2ij+G1Q=="
    },
    "is-ip": {
      "version": "3.1.0",
      "resolved": "https://registry.npmjs.org/is-ip/-/is-ip-3.1.0.tgz",
      "integrity": "sha512-35vd5necO7IitFPjd/YBeqwWnyDWbuLH9ZXQdMfDA8TEo7pv5X8yfrvVO3xbJbLUlERCMvf6X0hTUamQxCYJ9Q==",
      "requires": {
        "ip-regex": "^4.0.0"
      }
    },
    "is-plain-obj": {
      "version": "2.1.0",
      "resolved": "https://registry.npmjs.org/is-plain-obj/-/is-plain-obj-2.1.0.tgz",
      "integrity": "sha512-YWnfyRwxL/+SsrWYfOpUtz5b3YD+nyfkHvjbcanzk8zgyO4ASD67uVMRt8k5bM4lLMDnXfriRhOpemw+NfT1eA=="
    },
    "iso-constants": {
      "version": "0.1.2",
      "resolved": "https://registry.npmjs.org/iso-constants/-/iso-constants-0.1.2.tgz",
      "integrity": "sha512-OTCM5ZCQsHBCI4Wdu4tSxvDIkmDHd5EwJDps5mKqnQnWJSKlnwMs3EDZ4n3Fh1tmkWkDlyd2vCDbEYuPbyrUNQ=="
    },
    "iso-url": {
      "version": "1.0.0",
      "resolved": "https://registry.npmjs.org/iso-url/-/iso-url-1.0.0.tgz",
      "integrity": "sha512-n/MsHgKOoHcFrhsxfbM3aaSdUujoFrrZ3537p3RW80AL7axL36acCseoMwIW4tNOl0n0SnkzNyVh4bREwmHoPQ=="
    },
    "it-all": {
      "version": "1.0.4",
      "resolved": "https://registry.npmjs.org/it-all/-/it-all-1.0.4.tgz",
      "integrity": "sha512-7K+gjHHzZ7t+bCkrtulYiow35k3UgqH7miC+iUa9RGiyDRXJ6hVDeFsDrnWrlscjrkLFOJRKHxNOke4FNoQnhw=="
    },
    "it-concat": {
      "version": "1.0.2",
      "resolved": "https://registry.npmjs.org/it-concat/-/it-concat-1.0.2.tgz",
      "integrity": "sha512-YZtXOe10qBcTDOsz59AscfmsKRoVPYX5AFxCans2L/QL20Jah1H1/+wzWDaJj8zu0KiA9gys3vBoZIZwhsUeeg==",
      "requires": {
        "bl": "^4.0.0"
      }
    },
    "it-glob": {
      "version": "0.0.10",
      "resolved": "https://registry.npmjs.org/it-glob/-/it-glob-0.0.10.tgz",
      "integrity": "sha512-p1PR15djgPV7pxdLOW9j4WcJdla8+91rJdUU2hU2Jm68vkxpIEXK55VHBeH8Lvqh2vqLtM83t8q4BuJxue6niA==",
      "requires": {
        "fs-extra": "^9.0.1",
        "minimatch": "^3.0.4"
      }
    },
    "it-last": {
      "version": "1.0.4",
      "resolved": "https://registry.npmjs.org/it-last/-/it-last-1.0.4.tgz",
      "integrity": "sha512-h0aV43BaD+1nubAKwStWcda6vlbejPSTQKfOrQvyNrrceluWfoq8DrBXnL0PSz6RkyHSiVSHtAEaqUijYMPo8Q=="
    },
    "it-map": {
      "version": "1.0.4",
      "resolved": "https://registry.npmjs.org/it-map/-/it-map-1.0.4.tgz",
      "integrity": "sha512-LZgYdb89XMo8cFUp6jF0cn5j3gF7wcZnKRVFS3qHHn0bPB2rpToh2vIkTBKduZLZxRRjWx1VW/udd98x+j2ulg=="
    },
    "it-peekable": {
      "version": "1.0.1",
      "resolved": "https://registry.npmjs.org/it-peekable/-/it-peekable-1.0.1.tgz",
      "integrity": "sha512-civpIsgG1N+nYXNhm4Qzb9S89QZOfn4M6wVpH9IIilkJ9UFcDElWQuO1qmjXkdm3M5yg5fk+blW0aSCmu4SGlA=="
    },
    "it-reader": {
      "version": "2.1.0",
      "resolved": "https://registry.npmjs.org/it-reader/-/it-reader-2.1.0.tgz",
      "integrity": "sha512-hSysqWTO9Tlwc5EGjVf8JYZzw0D2FsxD/g+eNNWrez9zODxWt6QlN6JAMmycK72Mv4jHEKEXoyzUN4FYGmJaZw==",
      "requires": {
        "bl": "^4.0.0"
      }
    },
    "it-tar": {
      "version": "1.2.2",
      "resolved": "https://registry.npmjs.org/it-tar/-/it-tar-1.2.2.tgz",
      "integrity": "sha512-M8V4a9I+x/vwXTjqvixcEZbQZHjwDIb8iUQ+D4M2QbhAdNs3WKVSl+45u5/F2XFx6jYMFOGzMVlKNK/uONgNIA==",
      "requires": {
        "bl": "^4.0.0",
        "buffer": "^5.4.3",
        "iso-constants": "^0.1.2",
        "it-concat": "^1.0.0",
        "it-reader": "^2.0.0",
        "p-defer": "^3.0.0"
      },
      "dependencies": {
        "buffer": {
          "version": "5.7.1",
          "resolved": "https://registry.npmjs.org/buffer/-/buffer-5.7.1.tgz",
          "integrity": "sha512-EHcyIPBQ4BSGlvjB16k5KgAJ27CIsHY/2JBmCRReo48y9rQ3MaUzWX3KVlBa4U7MyX02HdVj0K7C3WaB3ju7FQ==",
          "requires": {
            "base64-js": "^1.3.1",
            "ieee754": "^1.1.13"
          }
        }
      }
    },
    "it-to-stream": {
      "version": "0.1.2",
      "resolved": "https://registry.npmjs.org/it-to-stream/-/it-to-stream-0.1.2.tgz",
      "integrity": "sha512-DTB5TJRZG3untmZehcaFN0kGWl2bNv7tnJRgQHAO9QEt8jfvVRrebZtnD5NZd4SCj4WVPjl0LSrugNWE/UaZRQ==",
      "requires": {
        "buffer": "^5.6.0",
        "fast-fifo": "^1.0.0",
        "get-iterator": "^1.0.2",
        "p-defer": "^3.0.0",
        "p-fifo": "^1.0.0",
        "readable-stream": "^3.6.0"
      },
      "dependencies": {
        "buffer": {
          "version": "5.7.1",
          "resolved": "https://registry.npmjs.org/buffer/-/buffer-5.7.1.tgz",
          "integrity": "sha512-EHcyIPBQ4BSGlvjB16k5KgAJ27CIsHY/2JBmCRReo48y9rQ3MaUzWX3KVlBa4U7MyX02HdVj0K7C3WaB3ju7FQ==",
          "requires": {
            "base64-js": "^1.3.1",
            "ieee754": "^1.1.13"
          }
        }
      }
    },
    "js-sha3": {
      "version": "0.8.0",
      "resolved": "https://registry.npmjs.org/js-sha3/-/js-sha3-0.8.0.tgz",
      "integrity": "sha512-gF1cRrHhIzNfToc802P800N8PpXS+evLLXfsVpowqmAFR9uwbi89WvXg2QspOmXL8QL86J4T1EpFu+yUkwJY3Q=="
    },
    "json-text-sequence": {
      "version": "0.1.1",
      "resolved": "https://registry.npmjs.org/json-text-sequence/-/json-text-sequence-0.1.1.tgz",
      "integrity": "sha1-py8hfcSvxGKf/1/rME3BvVGi89I=",
      "requires": {
        "delimit-stream": "0.1.0"
      }
    },
    "jsonfile": {
      "version": "6.1.0",
      "resolved": "https://registry.npmjs.org/jsonfile/-/jsonfile-6.1.0.tgz",
      "integrity": "sha512-5dgndWOriYSm5cnYaJNhalLNDKOqFwyDB/rr1E9ZsGciGvKPs8R2xYGCacuf3z6K1YKDz182fd+fY3cn3pMqXQ==",
      "requires": {
        "graceful-fs": "^4.1.6",
        "universalify": "^2.0.0"
      },
      "dependencies": {
        "universalify": {
          "version": "2.0.0",
          "resolved": "https://registry.npmjs.org/universalify/-/universalify-2.0.0.tgz",
          "integrity": "sha512-hAZsKq7Yy11Zu1DE0OzWjw7nnLZmJZYTDZZyEFHZdUhV8FkH5MCfoU1XMaxXovpyW5nq5scPqq0ZDP9Zyl04oQ=="
        }
      }
    },
    "merge-options": {
      "version": "2.0.0",
      "resolved": "https://registry.npmjs.org/merge-options/-/merge-options-2.0.0.tgz",
      "integrity": "sha512-S7xYIeWHl2ZUKF7SDeBhGg6rfv5bKxVBdk95s/I7wVF8d+hjLSztJ/B271cnUiF6CAFduEQ5Zn3HYwAjT16DlQ==",
      "requires": {
        "is-plain-obj": "^2.0.0"
      }
    },
    "mime-db": {
      "version": "1.44.0",
      "resolved": "https://registry.npmjs.org/mime-db/-/mime-db-1.44.0.tgz",
      "integrity": "sha512-/NOTfLrsPBVeH7YtFPgsVWveuL+4SjjYxaQ1xtM1KMFj7HdxlBlxeyNLzhyJVx7r4rZGJAZ/6lkKCitSc/Nmpg=="
    },
    "mime-types": {
      "version": "2.1.27",
      "resolved": "https://registry.npmjs.org/mime-types/-/mime-types-2.1.27.tgz",
      "integrity": "sha512-JIhqnCasI9yD+SsmkquHBxTSEuZdQX5BuQnS2Vc7puQQQ+8yiP5AY5uWhpdv4YL4VM5c6iliiYWPgJ/nJQLp7w==",
      "requires": {
        "mime-db": "1.44.0"
      }
    },
    "minimatch": {
      "version": "3.0.4",
      "resolved": "https://registry.npmjs.org/minimatch/-/minimatch-3.0.4.tgz",
      "integrity": "sha512-yJHVQEhyqPLUTgt9B83PXu6W3rx4MvvHvSUvToogpwoGDOUQ+yDrR0HRot+yOCdCO7u4hX3pWft6kWBBcqh0UA==",
      "requires": {
        "brace-expansion": "^1.1.7"
      }
    },
    "ms": {
      "version": "2.1.2",
      "resolved": "https://registry.npmjs.org/ms/-/ms-2.1.2.tgz",
      "integrity": "sha512-sGkPx+VjMtmA6MX27oA4FBFELFCZZ4S4XqeGOXCv68tT+jb3vk/RyaKWP0PTKyWtmLSM0b+adUTEvbs1PEaH2w=="
    },
    "multiaddr": {
      "version": "8.1.1",
      "resolved": "https://registry.npmjs.org/multiaddr/-/multiaddr-8.1.1.tgz",
      "integrity": "sha512-Dyur7rWX44MlgKIqVA2dYPOZx/UwG60PVSffJ5S17uo6Pu31lftJXShMEfPtUDGHnyALAOWOuC3X/iPhDtw4Vg==",
      "requires": {
        "cids": "^1.0.0",
        "class-is": "^1.1.0",
        "dns-over-http-resolver": "^1.0.0",
        "err-code": "^2.0.3",
        "is-ip": "^3.1.0",
        "multibase": "^3.0.0",
        "uint8arrays": "^1.1.0",
        "varint": "^5.0.0"
      }
    },
    "multiaddr-to-uri": {
      "version": "6.0.0",
      "resolved": "https://registry.npmjs.org/multiaddr-to-uri/-/multiaddr-to-uri-6.0.0.tgz",
      "integrity": "sha512-OjpkVHOXEmIKMO8WChzzQ7aZQcSQX8squxmvtDbRpy7/QNmJ3Z7jv6qyD74C28QtaeNie8O8ngW2AkeiMmKP7A==",
      "requires": {
        "multiaddr": "^8.0.0"
      }
    },
    "multibase": {
      "version": "3.1.0",
      "resolved": "https://registry.npmjs.org/multibase/-/multibase-3.1.0.tgz",
      "integrity": "sha512-Z+pThrpbS7ckQ2DwW5mPiwCGe1a94f8DWi/OxmbyeRednVOyUKmLSE+60kL/WHFYwWnaD1OakXGk3PYI1NkMFw==",
      "requires": {
        "@multiformats/base-x": "^4.0.1",
        "web-encoding": "^1.0.4"
      }
    },
    "multicodec": {
      "version": "2.0.1",
      "resolved": "https://registry.npmjs.org/multicodec/-/multicodec-2.0.1.tgz",
      "integrity": "sha512-YDYeWn9iGa76hOHAyyZa0kbt3tr5FLg1ZXUHrZUJltjnxxdbTIbHnxWLd2zTcMOjdT3QyO+Xs4bQgJUcC2RWUA==",
      "requires": {
        "uint8arrays": "1.0.0",
        "varint": "^5.0.0"
      },
      "dependencies": {
        "uint8arrays": {
          "version": "1.0.0",
          "resolved": "https://registry.npmjs.org/uint8arrays/-/uint8arrays-1.0.0.tgz",
          "integrity": "sha512-14tqEVujDREW7YwonSZZwLvo7aFDfX7b6ubvM/U7XvZol+CC/LbhaX/550VlWmhddAL9Wou1sxp0Of3tGqXigg==",
          "requires": {
            "multibase": "^3.0.0",
            "web-encoding": "^1.0.2"
          }
        }
      }
    },
    "multihashes": {
      "version": "3.1.0",
      "resolved": "https://registry.npmjs.org/multihashes/-/multihashes-3.1.0.tgz",
      "integrity": "sha512-snU+w6aZy5bTrrqIHW3wkT0MfHmxcpOsaVNJt0NzUnseksbjFDVUZjSmhDMAVOVnIdLMS7xHjo55pKlBIGmC3g==",
      "requires": {
        "multibase": "^3.1.0",
        "uint8arrays": "^1.0.0",
        "varint": "^6.0.0"
      },
      "dependencies": {
        "varint": {
          "version": "6.0.0",
          "resolved": "https://registry.npmjs.org/varint/-/varint-6.0.0.tgz",
          "integrity": "sha512-cXEIW6cfr15lFv563k4GuVuW/fiwjknytD37jIOLSdSWuOI6WnO/oKwmP2FQTU2l01LP8/M5TSAJpzUaGe3uWg=="
        }
      }
    },
    "multihashing-async": {
      "version": "2.0.1",
      "resolved": "https://registry.npmjs.org/multihashing-async/-/multihashing-async-2.0.1.tgz",
      "integrity": "sha512-LZcH8PqW4iEKymaJ3RpsgpSJhXF29kAvO02ccqbysiXkQhZpVce8rrg+vzRKWO89hhyIBnQHI2e/ZoRVxmiJ2Q==",
      "requires": {
        "blakejs": "^1.1.0",
        "err-code": "^2.0.0",
        "js-sha3": "^0.8.0",
        "multihashes": "^3.0.1",
        "murmurhash3js-revisited": "^3.0.0",
        "uint8arrays": "^1.0.0"
      }
    },
    "murmurhash3js-revisited": {
      "version": "3.0.0",
      "resolved": "https://registry.npmjs.org/murmurhash3js-revisited/-/murmurhash3js-revisited-3.0.0.tgz",
      "integrity": "sha512-/sF3ee6zvScXMb1XFJ8gDsSnY+X8PbOyjIuBhtgis10W2Jx4ZjIhikUCIF9c4gpJxVnQIsPAFrSwTCuAjicP6g=="
    },
    "nanoid": {
      "version": "3.1.18",
      "resolved": "https://registry.npmjs.org/nanoid/-/nanoid-3.1.18.tgz",
      "integrity": "sha512-rndlDjbbHbcV3xi+R2fpJ+PbGMdfBxz5v1fATIQFq0DP64FsicQdwnKLy47K4kZHdRpmQXtz24eGsxQqamzYTA=="
    },
    "native-abort-controller": {
      "version": "0.0.3",
      "resolved": "https://registry.npmjs.org/native-abort-controller/-/native-abort-controller-0.0.3.tgz",
      "integrity": "sha512-YIxU5nWqSHG1Xbu3eOu3pdFRD882ivQpIcu6AiPVe2oSVoRbfYW63DVkZm3g1gHiMtZSvZzF6THSzTGEBYl8YA==",
      "requires": {
        "globalthis": "^1.0.1"
      }
    },
    "native-fetch": {
      "version": "2.0.1",
      "resolved": "https://registry.npmjs.org/native-fetch/-/native-fetch-2.0.1.tgz",
      "integrity": "sha512-gv4Bea+ga9QdXINurpkEqun3ap3vnB+WYoe4c8ddqUYEH7B2h6iD39RF8uVN7OwmSfMY3RDxkvBnoI4e2/vLXQ==",
      "requires": {
        "globalthis": "^1.0.1"
      }
    },
    "node-fetch": {
      "version": "2.6.1",
      "resolved": "https://registry.npmjs.org/node-fetch/-/node-fetch-2.6.1.tgz",
      "integrity": "sha512-V4aYg89jEoVRxRb2fJdAg8FHvI7cEyYdVAh94HH0UIK8oJxUfkjlDQN9RbMx+bEjP7+ggMiFRprSti032Oipxw=="
    },
    "object-keys": {
      "version": "1.1.1",
      "resolved": "https://registry.npmjs.org/object-keys/-/object-keys-1.1.1.tgz",
      "integrity": "sha512-NuAESUOUMrlIXOfHKzD6bpPu3tYt3xvjNdRIQ+FeT0lNb4K8WR70CaDxhuNguS2XG+GjkyMwOzsN5ZktImfhLA=="
    },
    "p-defer": {
      "version": "3.0.0",
      "resolved": "https://registry.npmjs.org/p-defer/-/p-defer-3.0.0.tgz",
      "integrity": "sha512-ugZxsxmtTln604yeYd29EGrNhazN2lywetzpKhfmQjW/VJmhpDmWbiX+h0zL8V91R0UXkhb3KtPmyq9PZw3aYw=="
    },
    "p-fifo": {
      "version": "1.0.0",
      "resolved": "https://registry.npmjs.org/p-fifo/-/p-fifo-1.0.0.tgz",
      "integrity": "sha512-IjoCxXW48tqdtDFz6fqo5q1UfFVjjVZe8TC1QRflvNUJtNfCUhxOUw6MOVZhDPjqhSzc26xKdugsO17gmzd5+A==",
      "requires": {
        "fast-fifo": "^1.0.0",
        "p-defer": "^3.0.0"
      }
    },
    "parse-duration": {
      "version": "0.4.4",
      "resolved": "https://registry.npmjs.org/parse-duration/-/parse-duration-0.4.4.tgz",
      "integrity": "sha512-KbAJuYGUhZkB9gotDiKLnZ7Z3VTacK3fgwmDdB6ZVDtJbMBT6MfLga0WJaYpPDu0mzqT0NgHtHDt5PY4l0nidg=="
    },
    "protocol-buffers-schema": {
      "version": "3.4.0",
      "resolved": "https://registry.npmjs.org/protocol-buffers-schema/-/protocol-buffers-schema-3.4.0.tgz",
      "integrity": "sha512-G/2kcamPF2S49W5yaMGdIpkG6+5wZF0fzBteLKgEHjbNzqjZQ85aAs1iJGto31EJaSTkNvHs5IXuHSaTLWBAiA=="
    },
    "protons": {
      "version": "2.0.0",
      "resolved": "https://registry.npmjs.org/protons/-/protons-2.0.0.tgz",
      "integrity": "sha512-BTrE9D6/d1NGis+0D8TqAO1THdn4evHQhfjapA0NUaRH4+ecJJcbqaF7TE/DKv5czE9VB/TeOllBOmCyJhHnhg==",
      "requires": {
        "protocol-buffers-schema": "^3.3.1",
        "signed-varint": "^2.0.1",
        "uint8arrays": "^1.0.0",
        "varint": "^5.0.0"
      }
    },
    "readable-stream": {
      "version": "3.6.0",
      "resolved": "https://registry.npmjs.org/readable-stream/-/readable-stream-3.6.0.tgz",
      "integrity": "sha512-BViHy7LKeTz4oNnkcLJ+lVSL6vpiFeX6/d3oSH8zCW7UxP2onchk+vTGB143xuFjHS3deTgkKoXXymXqymiIdA==",
      "requires": {
        "inherits": "^2.0.3",
        "string_decoder": "^1.1.1",
        "util-deprecate": "^1.0.1"
      }
    },
    "receptacle": {
      "version": "1.3.2",
      "resolved": "https://registry.npmjs.org/receptacle/-/receptacle-1.3.2.tgz",
      "integrity": "sha512-HrsFvqZZheusncQRiEE7GatOAETrARKV/lnfYicIm8lbvp/JQOdADOfhjBd2DajvoszEyxSM6RlAAIZgEoeu/A==",
      "requires": {
        "ms": "^2.1.1"
      }
    },
    "reset": {
      "version": "0.1.0",
      "resolved": "https://registry.npmjs.org/reset/-/reset-0.1.0.tgz",
      "integrity": "sha1-n8cxQXGZWubLC35YsGznUir0uvs="
    },
    "retimer": {
      "version": "2.0.0",
      "resolved": "https://registry.npmjs.org/retimer/-/retimer-2.0.0.tgz",
      "integrity": "sha512-KLXY85WkEq2V2bKex/LOO1ViXVn2KGYe4PYysAdYdjmraYIUsVkXu8O4am+8+5UbaaGl1qho4aqAAPHNQ4GSbg=="
    },
    "run": {
      "version": "1.4.0",
      "resolved": "https://registry.npmjs.org/run/-/run-1.4.0.tgz",
      "integrity": "sha1-4X2ekEOrL+F3dsspnhI3848LT/o=",
      "requires": {
        "minimatch": "*"
      }
    },
    "safe-buffer": {
      "version": "5.2.1",
      "resolved": "https://registry.npmjs.org/safe-buffer/-/safe-buffer-5.2.1.tgz",
      "integrity": "sha512-rp3So07KcdmmKbGvgaNxQSJr7bGVSVk5S9Eq1F+ppbRo70+YeaDxkw5Dd8NPN+GD6bjnYm2VuPuCXmpuYvmCXQ=="
    },
    "safer-buffer": {
      "version": "2.1.2",
      "resolved": "https://registry.npmjs.org/safer-buffer/-/safer-buffer-2.1.2.tgz",
      "integrity": "sha512-YZo3K82SD7Riyi0E1EQPojLz7kpepnSQI9IyPbHHg1XXXevb5dJI7tpyN2ADxGcQbHG7vcyRHk0cbwqcQriUtg=="
    },
    "signed-varint": {
      "version": "2.0.1",
      "resolved": "https://registry.npmjs.org/signed-varint/-/signed-varint-2.0.1.tgz",
      "integrity": "sha1-UKmYnafJjCxh2tEZvJdHDvhSgSk=",
      "requires": {
        "varint": "~5.0.0"
      }
    },
    "stable": {
      "version": "0.1.8",
      "resolved": "https://registry.npmjs.org/stable/-/stable-0.1.8.tgz",
      "integrity": "sha512-ji9qxRnOVfcuLDySj9qzhGSEFVobyt1kIOSkj1qZzYLzq7Tos/oUUWvotUPQLlrsidqsK6tBH89Bc9kL5zHA6w=="
    },
    "stream-to-it": {
      "version": "0.2.2",
      "resolved": "https://registry.npmjs.org/stream-to-it/-/stream-to-it-0.2.2.tgz",
      "integrity": "sha512-waULBmQpVdr6TkDzci6t1P7dIaSZ0bHC1TaPXDUeJC5PpSK7U3T0H0Zeo/LWUnd6mnhXOmGGDKAkjUCHw5IOng==",
      "requires": {
        "get-iterator": "^1.0.2"
      }
    },
    "string_decoder": {
      "version": "1.3.0",
      "resolved": "https://registry.npmjs.org/string_decoder/-/string_decoder-1.3.0.tgz",
      "integrity": "sha512-hkRX8U1WjJFd8LsDJ2yQ/wWWxaopEsABU1XfkM8A+j0+85JAGppt16cr1Whg6KIbb4okU6Mql6BOj+uup/wKeA==",
      "requires": {
        "safe-buffer": "~5.2.0"
      }
    },
    "timeout-abort-controller": {
      "version": "1.1.1",
      "resolved": "https://registry.npmjs.org/timeout-abort-controller/-/timeout-abort-controller-1.1.1.tgz",
      "integrity": "sha512-BsF9i3NAJag6T0ZEjki9j654zoafI2X6ayuNd6Tp8+Ul6Tr5s4jo973qFeiWrRSweqvskC+AHDKUmIW4b7pdhQ==",
      "requires": {
        "abort-controller": "^3.0.0",
        "retimer": "^2.0.0"
      }
    },
    "uint8arrays": {
      "version": "1.1.0",
      "resolved": "https://registry.npmjs.org/uint8arrays/-/uint8arrays-1.1.0.tgz",
      "integrity": "sha512-cLdlZ6jnFczsKf5IH1gPHTtcHtPGho5r4CvctohmQjw8K7Q3gFdfIGHxSTdTaCKrL4w09SsPRJTqRS0drYeszA==",
      "requires": {
        "multibase": "^3.0.0",
        "web-encoding": "^1.0.2"
      }
    },
    "universalify": {
      "version": "1.0.0",
      "resolved": "https://registry.npmjs.org/universalify/-/universalify-1.0.0.tgz",
      "integrity": "sha512-rb6X1W158d7pRQBg5gkR8uPaSfiids68LTJQYOtEUhoJUWBdaQHsuT/EUduxXYxcrt4r5PJ4fuHW1MHT6p0qug=="
    },
    "util-deprecate": {
      "version": "1.0.2",
      "resolved": "https://registry.npmjs.org/util-deprecate/-/util-deprecate-1.0.2.tgz",
      "integrity": "sha1-RQ1Nyfpw3nMnYvvS1KKJgUGaDM8="
    },
    "varint": {
      "version": "5.0.2",
      "resolved": "https://registry.npmjs.org/varint/-/varint-5.0.2.tgz",
      "integrity": "sha512-lKxKYG6H03yCZUpAGOPOsMcGxd1RHCu1iKvEHYDPmTyq2HueGhD73ssNBqqQWfvYs04G9iUFRvmAVLW20Jw6ow=="
    },
    "web-encoding": {
      "version": "1.0.4",
      "resolved": "https://registry.npmjs.org/web-encoding/-/web-encoding-1.0.4.tgz",
      "integrity": "sha512-DcXs2lbVPzuJmn2kuDEwul2oZg7p4YMa5J2f0YzsOBHaAnBYGPNUB/rJ74DTjTKpw7F0+lSsVM8sFHE2UyBixg=="
    }
  }
}
